
Microsoft Visual Studio Solution File, Format Version 12.00
# Visual Studio Version 17
VisualStudioVersion = 17.4.33213.308
MinimumVisualStudioVersion = 10.0.40219.1
Project("{FAE04EC0-301F-11D3-BF4B-00C04F79EFBC}") = "VectoresTarea", "VectoresTarea\VectoresTarea.csproj", "{A7FE3FC7-FBBF-4FBF-BE7F-2212B9E03A6B}"
EndProject
Global
	GlobalSection(SolutionConfigurationPlatforms) = preSolution
		Debug|Any CPU = Debug|Any CPU
		Release|Any CPU = Release|Any CPU
	EndGlobalSection
	GlobalSection(ProjectConfigurationPlatforms) = postSolution
		{A7FE3FC7-FBBF-4FBF-BE7F-2212B9E03A6B}.Debug|Any CPU.ActiveCfg = Debug|Any CPU
		{A7FE3FC7-FBBF-4FBF-BE7F-2212B9E03A6B}.Debug|Any CPU.Build.0 = Debug|Any CPU
		{A7FE3FC7-FBBF-4FBF-BE7F-2212B9E03A6B}.Release|Any CPU.ActiveCfg = Release|Any CPU
		{A7FE3FC7-FBBF-4FBF-BE7F-2212B9E03A6B}.Release|Any CPU.Build.0 = Release|Any CPU
	EndGlobalSection
	GlobalSection(SolutionProperties) = preSolution
		HideSolutionNode = FALSE
	EndGlobalSection
	GlobalSection(ExtensibilityGlobals) = postSolution
		SolutionGuid = {ED2732DC-1E1C-4C8E-83FD-C3AB2DB9F8AC}
	EndGlobalSection
EndGlobal
